
Microsoft Visual Studio Solution File, Format Version 12.00
# Visual Studio Version 17
VisualStudioVersion = 17.4.33213.308
MinimumVisualStudioVersion = 10.0.40219.1
Project("{FAE04EC0-301F-11D3-BF4B-00C04F79EFBC}") = "Composite", "Composite.csproj", "{7787C6B6-4667-4ED8-A599-AA8E099BB3FA}"
EndProject
Global
	GlobalSection(SolutionConfigurationPlatforms) = preSolution
		Debug|Any CPU = Debug|Any CPU
		Release|Any CPU = Release|Any CPU
	EndGlobalSection
	GlobalSection(ProjectConfigurationPlatforms) = postSolution
		{7787C6B6-4667-4ED8-A599-AA8E099BB3FA}.Debug|Any CPU.ActiveCfg = Debug|Any CPU
		{7787C6B6-4667-4ED8-A599-AA8E099BB3FA}.Debug|Any CPU.Build.0 = Debug|Any CPU
		{7787C6B6-4667-4ED8-A599-AA8E099BB3FA}.Release|Any CPU.ActiveCfg = Release|Any CPU
		{7787C6B6-4667-4ED8-A599-AA8E099BB3FA}.Release|Any CPU.Build.0 = Release|Any CPU
	EndGlobalSection
	GlobalSection(SolutionProperties) = preSolution
		HideSolutionNode = FALSE
	EndGlobalSection
	GlobalSection(ExtensibilityGlobals) = postSolution
		SolutionGuid = {A779C236-8781-4DC9-B487-6EC6D2CE7720}
	EndGlobalSection
EndGlobal
