
Microsoft Visual Studio Solution File, Format Version 12.00
# Visual Studio Version 17
VisualStudioVersion = 17.4.33213.308
MinimumVisualStudioVersion = 10.0.40219.1
Project("{FAE04EC0-301F-11D3-BF4B-00C04F79EFBC}") = "Facade", "Facade.csproj", "{616A6552-1BD0-4705-BC1F-7C3F63F55706}"
EndProject
Global
	GlobalSection(SolutionConfigurationPlatforms) = preSolution
		Debug|Any CPU = Debug|Any CPU
		Release|Any CPU = Release|Any CPU
	EndGlobalSection
	GlobalSection(ProjectConfigurationPlatforms) = postSolution
		{616A6552-1BD0-4705-BC1F-7C3F63F55706}.Debug|Any CPU.ActiveCfg = Debug|Any CPU
		{616A6552-1BD0-4705-BC1F-7C3F63F55706}.Debug|Any CPU.Build.0 = Debug|Any CPU
		{616A6552-1BD0-4705-BC1F-7C3F63F55706}.Release|Any CPU.ActiveCfg = Release|Any CPU
		{616A6552-1BD0-4705-BC1F-7C3F63F55706}.Release|Any CPU.Build.0 = Release|Any CPU
	EndGlobalSection
	GlobalSection(SolutionProperties) = preSolution
		HideSolutionNode = FALSE
	EndGlobalSection
	GlobalSection(ExtensibilityGlobals) = postSolution
		SolutionGuid = {9C494B3B-40BC-4C84-9AAA-2464D9031125}
	EndGlobalSection
EndGlobal
