
Microsoft Visual Studio Solution File, Format Version 12.00
# Visual Studio Version 17
VisualStudioVersion = 17.4.33213.308
MinimumVisualStudioVersion = 10.0.40219.1
Project("{FAE04EC0-301F-11D3-BF4B-00C04F79EFBC}") = "Decorator", "Decorator.csproj", "{EC25FA27-CD26-40E1-AAAD-91E1AAAC20E2}"
EndProject
Global
	GlobalSection(SolutionConfigurationPlatforms) = preSolution
		Debug|Any CPU = Debug|Any CPU
		Release|Any CPU = Release|Any CPU
	EndGlobalSection
	GlobalSection(ProjectConfigurationPlatforms) = postSolution
		{EC25FA27-CD26-40E1-AAAD-91E1AAAC20E2}.Debug|Any CPU.ActiveCfg = Debug|Any CPU
		{EC25FA27-CD26-40E1-AAAD-91E1AAAC20E2}.Debug|Any CPU.Build.0 = Debug|Any CPU
		{EC25FA27-CD26-40E1-AAAD-91E1AAAC20E2}.Release|Any CPU.ActiveCfg = Release|Any CPU
		{EC25FA27-CD26-40E1-AAAD-91E1AAAC20E2}.Release|Any CPU.Build.0 = Release|Any CPU
	EndGlobalSection
	GlobalSection(SolutionProperties) = preSolution
		HideSolutionNode = FALSE
	EndGlobalSection
	GlobalSection(ExtensibilityGlobals) = postSolution
		SolutionGuid = {E69E5E15-F77F-4CDE-9534-C2792DCAE88A}
	EndGlobalSection
EndGlobal
